{
  "name": "@enterprise-contract/ec-policies-antora-extension",
  "version": "0.0.2",
  "lockfileVersion": 2,
  "requires": true,
  "packages": {
    "": {
      "name": "@enterprise-contract/ec-policies-antora-extension",
      "version": "0.0.2",
      "license": "Apache-2.0",
      "dependencies": {
        "@zregvart/opa-inspect": "latest"
      },
      "engines": {
        "node": "18"
      }
    },
    "node_modules/@zregvart/opa-inspect": {
      "version": "0.59.0-c19c94c",
      "resolved": "https://registry.npmjs.org/@zregvart/opa-inspect/-/opa-inspect-0.59.0-c19c94c.tgz",
      "integrity": "sha512-URfNnK/nqoP9OeQaL1qnCnilrFh6JxnCN03Qzg7nrYKyvDK+kLHh98YQD+eeNGfgsNZyhJ191mOLDjumvqo+oA==",
      "engines": {
        "node": ">=18.0.0"
      }
    }
  },
  "dependencies": {
    "@zregvart/opa-inspect": {
      "version": "0.59.0-c19c94c",
      "resolved": "https://registry.npmjs.org/@zregvart/opa-inspect/-/opa-inspect-0.59.0-c19c94c.tgz",
      "integrity": "sha512-URfNnK/nqoP9OeQaL1qnCnilrFh6JxnCN03Qzg7nrYKyvDK+kLHh98YQD+eeNGfgsNZyhJ191mOLDjumvqo+oA=="
    }
  }
}
