{
  "name": "@hacbs-contract/ec-policies-antora-extension",
  "version": "0.0.2",
  "lockfileVersion": 2,
  "requires": true,
  "packages": {
    "": {
      "name": "@hacbs-contract/ec-policies-antora-extension",
      "version": "0.0.2",
      "license": "Apache-2.0",
      "dependencies": {
        "@zregvart/opa-inspect": "latest"
      },
      "engines": {
        "node": "18"
      }
    },
    "node_modules/@zregvart/opa-inspect": {
      "version": "0.51.0-08f1540",
      "resolved": "https://registry.npmjs.org/@zregvart/opa-inspect/-/opa-inspect-0.51.0-08f1540.tgz",
      "integrity": "sha512-Rhg66id0m6dGefmrk0/SBjJIPORdf3jEgJXeJZrsklxBAVFMxgGE5BNPVsDJID+2XnMelOKTOMkoqlOwZxusuA==",
      "engines": {
        "node": ">=18.0.0"
      }
    }
  },
  "dependencies": {
    "@zregvart/opa-inspect": {
      "version": "0.51.0-08f1540",
      "resolved": "https://registry.npmjs.org/@zregvart/opa-inspect/-/opa-inspect-0.51.0-08f1540.tgz",
      "integrity": "sha512-Rhg66id0m6dGefmrk0/SBjJIPORdf3jEgJXeJZrsklxBAVFMxgGE5BNPVsDJID+2XnMelOKTOMkoqlOwZxusuA=="
    }
  }
}
