{
  "name": "@enterprise-contract/ec-policies-antora-extension",
  "version": "0.0.2",
  "lockfileVersion": 2,
  "requires": true,
  "packages": {
    "": {
      "name": "@enterprise-contract/ec-policies-antora-extension",
      "version": "0.0.2",
      "license": "Apache-2.0",
      "dependencies": {
        "@zregvart/opa-inspect": "latest"
      },
      "engines": {
        "node": "18"
      }
    },
    "node_modules/@zregvart/opa-inspect": {
      "version": "0.53.0-9c4fd68",
      "resolved": "https://registry.npmjs.org/@zregvart/opa-inspect/-/opa-inspect-0.53.0-9c4fd68.tgz",
      "integrity": "sha512-4NUK6SWyh5GTkAHVBDUXk05Mf/aACD388NtxI/3wG2d7bJJJuUJjLfnh75FVztgc6IkaRNYnyHqYip8jln3+8w==",
      "engines": {
        "node": ">=18.0.0"
      }
    }
  },
  "dependencies": {
    "@zregvart/opa-inspect": {
      "version": "0.53.0-9c4fd68",
      "resolved": "https://registry.npmjs.org/@zregvart/opa-inspect/-/opa-inspect-0.53.0-9c4fd68.tgz",
      "integrity": "sha512-4NUK6SWyh5GTkAHVBDUXk05Mf/aACD388NtxI/3wG2d7bJJJuUJjLfnh75FVztgc6IkaRNYnyHqYip8jln3+8w=="
    }
  }
}
